// !$*UTF8*$!
{
	archiveVersion = 1;
	classes = {
	};
	objectVersion = 50;
	objects = {

/* Begin PBXBuildFile section */
		D9460451234E721800280D77 /* ItemInputController.swift in Sources */ = {isa = PBXBuildFile; fileRef = D9460450234E721800280D77 /* ItemInputController.swift */; };
		D953453A234CD5840040FFDE /* LoginViewContoroller.swift in Sources */ = {isa = PBXBuildFile; fileRef = D9534539234CD5840040FFDE /* LoginViewContoroller.swift */; };
		D953453C234CDC1C0040FFDE /* MainNavigationController.swift in Sources */ = {isa = PBXBuildFile; fileRef = D953453B234CDC1C0040FFDE /* MainNavigationController.swift */; };
		D9651CE82353B5DA00755D58 /* QRcodeScanner.swift in Sources */ = {isa = PBXBuildFile; fileRef = D9651CE72353B5DA00755D58 /* QRcodeScanner.swift */; };
		D9651CEB2353B68300755D58 /* AVFoundation.framework in Frameworks */ = {isa = PBXBuildFile; fileRef = D9651CEA2353B68300755D58 /* AVFoundation.framework */; };
		D9E0930A235CD6DE00502E46 /* DataStore.swift in Sources */ = {isa = PBXBuildFile; fileRef = D9E09309235CD6DE00502E46 /* DataStore.swift */; };
		D9EBF8C023414E9D00060C9C /* AppDelegate.swift in Sources */ = {isa = PBXBuildFile; fileRef = D9EBF8BF23414E9D00060C9C /* AppDelegate.swift */; };
		D9EBF8C223414E9D00060C9C /* ViewController.swift in Sources */ = {isa = PBXBuildFile; fileRef = D9EBF8C123414E9D00060C9C /* ViewController.swift */; };
		D9EBF8C523414E9D00060C9C /* Main.storyboard in Resources */ = {isa = PBXBuildFile; fileRef = D9EBF8C323414E9D00060C9C /* Main.storyboard */; };
		D9EBF8C723414E9E00060C9C /* Assets.xcassets in Resources */ = {isa = PBXBuildFile; fileRef = D9EBF8C623414E9E00060C9C /* Assets.xcassets */; };
		D9EBF8CA23414E9E00060C9C /* LaunchScreen.storyboard in Resources */ = {isa = PBXBuildFile; fileRef = D9EBF8C823414E9E00060C9C /* LaunchScreen.storyboard */; };
/* End PBXBuildFile section */

/* Begin PBXFileReference section */
		D9460450234E721800280D77 /* ItemInputController.swift */ = {isa = PBXFileReference; lastKnownFileType = sourcecode.swift; path = ItemInputController.swift; sourceTree = "<group>"; };
		D9534539234CD5840040FFDE /* LoginViewContoroller.swift */ = {isa = PBXFileReference; lastKnownFileType = sourcecode.swift; path = LoginViewContoroller.swift; sourceTree = "<group>"; };
		D953453B234CDC1C0040FFDE /* MainNavigationController.swift */ = {isa = PBXFileReference; lastKnownFileType = sourcecode.swift; path = MainNavigationController.swift; sourceTree = "<group>"; };
		D9651CE72353B5DA00755D58 /* QRcodeScanner.swift */ = {isa = PBXFileReference; lastKnownFileType = sourcecode.swift; path = QRcodeScanner.swift; sourceTree = "<group>"; };
		D9651CEA2353B68300755D58 /* AVFoundation.framework */ = {isa = PBXFileReference; lastKnownFileType = wrapper.framework; name = AVFoundation.framework; path = System/Library/Frameworks/AVFoundation.framework; sourceTree = SDKROOT; };
		D9E09309235CD6DE00502E46 /* DataStore.swift */ = {isa = PBXFileReference; lastKnownFileType = sourcecode.swift; path = DataStore.swift; sourceTree = "<group>"; };
		D9EBF8BC23414E9D00060C9C /* InventoryProject.app */ = {isa = PBXFileReference; explicitFileType = wrapper.application; includeInIndex = 0; path = InventoryProject.app; sourceTree = BUILT_PRODUCTS_DIR; };
		D9EBF8BF23414E9D00060C9C /* AppDelegate.swift */ = {isa = PBXFileReference; lastKnownFileType = sourcecode.swift; path = AppDelegate.swift; sourceTree = "<group>"; };
		D9EBF8C123414E9D00060C9C /* ViewController.swift */ = {isa = PBXFileReference; lastKnownFileType = sourcecode.swift; path = ViewController.swift; sourceTree = "<group>"; };
		D9EBF8C423414E9D00060C9C /* Base */ = {isa = PBXFileReference; lastKnownFileType = file.storyboard; name = Base; path = Base.lproj/Main.storyboard; sourceTree = "<group>"; };
		D9EBF8C623414E9E00060C9C /* Assets.xcassets */ = {isa = PBXFileReference; lastKnownFileType = folder.assetcatalog; path = Assets.xcassets; sourceTree = "<group>"; };
		D9EBF8C923414E9E00060C9C /* Base */ = {isa = PBXFileReference; lastKnownFileType = file.storyboard; name = Base; path = Base.lproj/LaunchScreen.storyboard; sourceTree = "<group>"; };
		D9EBF8CB23414E9E00060C9C /* Info.plist */ = {isa = PBXFileReference; lastKnownFileType = text.plist.xml; path = Info.plist; sourceTree = "<group>"; };
/* End PBXFileReference section */

/* Begin PBXFrameworksBuildPhase section */
		D9EBF8B923414E9D00060C9C /* Frameworks */ = {
			isa = PBXFrameworksBuildPhase;
			buildActionMask = 2147483647;
			files = (
				D9651CEB2353B68300755D58 /* AVFoundation.framework in Frameworks */,
			);
			runOnlyForDeploymentPostprocessing = 0;
		};
/* End PBXFrameworksBuildPhase section */

/* Begin PBXGroup section */
		D9651CE92353B68300755D58 /* Frameworks */ = {
			isa = PBXGroup;
			children = (
				D9651CEA2353B68300755D58 /* AVFoundation.framework */,
			);
			name = Frameworks;
			sourceTree = "<group>";
		};
		D9EBF8B323414E9D00060C9C = {
			isa = PBXGroup;
			children = (
				D9EBF8BE23414E9D00060C9C /* InventoryProject */,
				D9EBF8BD23414E9D00060C9C /* Products */,
				D9651CE92353B68300755D58 /* Frameworks */,
			);
			sourceTree = "<group>";
		};
		D9EBF8BD23414E9D00060C9C /* Products */ = {
			isa = PBXGroup;
			children = (
				D9EBF8BC23414E9D00060C9C /* InventoryProject.app */,
			);
			name = Products;
			sourceTree = "<group>";
		};
		D9EBF8BE23414E9D00060C9C /* InventoryProject */ = {
			isa = PBXGroup;
			children = (
				D9EBF8BF23414E9D00060C9C /* AppDelegate.swift */,
				D9EBF8C123414E9D00060C9C /* ViewController.swift */,
				D9534539234CD5840040FFDE /* LoginViewContoroller.swift */,
				D953453B234CDC1C0040FFDE /* MainNavigationController.swift */,
				D9460450234E721800280D77 /* ItemInputController.swift */,
				D9651CE72353B5DA00755D58 /* QRcodeScanner.swift */,
				D9E09309235CD6DE00502E46 /* DataStore.swift */,
				D9EBF8C323414E9D00060C9C /* Main.storyboard */,
				D9EBF8C623414E9E00060C9C /* Assets.xcassets */,
				D9EBF8C823414E9E00060C9C /* LaunchScreen.storyboard */,
				D9EBF8CB23414E9E00060C9C /* Info.plist */,
			);
			path = InventoryProject;
			sourceTree = "<group>";
		};
/* End PBXGroup section */

/* Begin PBXNativeTarget section */
		D9EBF8BB23414E9D00060C9C /* InventoryProject */ = {
			isa = PBXNativeTarget;
			buildConfigurationList = D9EBF8CE23414E9E00060C9C /* Build configuration list for PBXNativeTarget "InventoryProject" */;
			buildPhases = (
				D9EBF8B823414E9D00060C9C /* Sources */,
				D9EBF8B923414E9D00060C9C /* Frameworks */,
				D9EBF8BA23414E9D00060C9C /* Resources */,
			);
			buildRules = (
			);
			dependencies = (
			);
			name = InventoryProject;
			productName = InventoryProject;
			productReference = D9EBF8BC23414E9D00060C9C /* InventoryProject.app */;
			productType = "com.apple.product-type.application";
		};
/* End PBXNativeTarget section */

/* Begin PBXProject section */
		D9EBF8B423414E9D00060C9C /* Project object */ = {
			isa = PBXProject;
			attributes = {
				LastSwiftUpdateCheck = 1030;
				LastUpgradeCheck = 1030;
				ORGANIZATIONNAME = "Cody Mudrack";
				TargetAttributes = {
					D9EBF8BB23414E9D00060C9C = {
						CreatedOnToolsVersion = 10.3;
					};
				};
			};
			buildConfigurationList = D9EBF8B723414E9D00060C9C /* Build configuration list for PBXProject "InventoryProject" */;
			compatibilityVersion = "Xcode 9.3";
			developmentRegion = en;
			hasScannedForEncodings = 0;
			knownRegions = (
				en,
				Base,
			);
			mainGroup = D9EBF8B323414E9D00060C9C;
			productRefGroup = D9EBF8BD23414E9D00060C9C /* Products */;
			projectDirPath = "";
			projectRoot = "";
			targets = (
				D9EBF8BB23414E9D00060C9C /* InventoryProject */,
			);
		};
/* End PBXProject section */

/* Begin PBXResourcesBuildPhase section */
		D9EBF8BA23414E9D00060C9C /* Resources */ = {
			isa = PBXResourcesBuildPhase;
			buildActionMask = 2147483647;
			files = (
				D9EBF8CA23414E9E00060C9C /* LaunchScreen.storyboard in Resources */,
				D9EBF8C723414E9E00060C9C /* Assets.xcassets in Resources */,
				D9EBF8C523414E9D00060C9C /* Main.storyboard in Resources */,
			);
			runOnlyForDeploymentPostprocessing = 0;
		};
/* End PBXResourcesBuildPhase section */

/* Begin PBXSourcesBuildPhase section */
		D9EBF8B823414E9D00060C9C /* Sources */ = {
			isa = PBXSourcesBuildPhase;
			buildActionMask = 2147483647;
			files = (
				D953453C234CDC1C0040FFDE /* MainNavigationController.swift in Sources */,
				D9E0930A235CD6DE00502E46 /* DataStore.swift in Sources */,
				D953453A234CD5840040FFDE /* LoginViewContoroller.swift in Sources */,
				D9EBF8C223414E9D00060C9C /* ViewController.swift in Sources */,
				D9EBF8C023414E9D00060C9C /* AppDelegate.swift in Sources */,
				D9651CE82353B5DA00755D58 /* QRcodeScanner.swift in Sources */,
				D9460451234E721800280D77 /* ItemInputController.swift in Sources */,
			);
			runOnlyForDeploymentPostprocessing = 0;
		};
/* End PBXSourcesBuildPhase section */

/* Begin PBXVariantGroup section */
		D9EBF8C323414E9D00060C9C /* Main.storyboard */ = {
			isa = PBXVariantGroup;
			children = (
				D9EBF8C423414E9D00060C9C /* Base */,
			);
			name = Main.storyboard;
			sourceTree = "<group>";
		};
		D9EBF8C823414E9E00060C9C /* LaunchScreen.storyboard */ = {
			isa = PBXVariantGroup;
			children = (
				D9EBF8C923414E9E00060C9C /* Base */,
			);
			name = LaunchScreen.storyboard;
			sourceTree = "<group>";
		};
/* End PBXVariantGroup section */

/* Begin XCBuildConfiguration section */
		D9EBF8CC23414E9E00060C9C /* Debug */ = {
			isa = XCBuildConfiguration;
			buildSettings = {
				ALWAYS_SEARCH_USER_PATHS = NO;
				CLANG_ANALYZER_NONNULL = YES;
				CLANG_ANALYZER_NUMBER_OBJECT_CONVERSION = YES_AGGRESSIVE;
				CLANG_CXX_LANGUAGE_STANDARD = "gnu++14";
				CLANG_CXX_LIBRARY = "libc++";
				CLANG_ENABLE_MODULES = YES;
				CLANG_ENABLE_OBJC_ARC = YES;
				CLANG_ENABLE_OBJC_WEAK = YES;
				CLANG_WARN_BLOCK_CAPTURE_AUTORELEASING = YES;
				CLANG_WARN_BOOL_CONVERSION = YES;
				CLANG_WARN_COMMA = YES;
				CLANG_WARN_CONSTANT_CONVERSION = YES;
				CLANG_WARN_DEPRECATED_OBJC_IMPLEMENTATIONS = YES;
				CLANG_WARN_DIRECT_OBJC_ISA_USAGE = YES_ERROR;
				CLANG_WARN_DOCUMENTATION_COMMENTS = YES;
				CLANG_WARN_EMPTY_BODY = YES;
				CLANG_WARN_ENUM_CONVERSION = YES;
				CLANG_WARN_INFINITE_RECURSION = YES;
				CLANG_WARN_INT_CONVERSION = YES;
				CLANG_WARN_NON_LITERAL_NULL_CONVERSION = YES;
				CLANG_WARN_OBJC_IMPLICIT_RETAIN_SELF = YES;
				CLANG_WARN_OBJC_LITERAL_CONVERSION = YES;
				CLANG_WARN_OBJC_ROOT_CLASS = YES_ERROR;
				CLANG_WARN_RANGE_LOOP_ANALYSIS = YES;
				CLANG_WARN_STRICT_PROTOTYPES = YES;
				CLANG_WARN_SUSPICIOUS_MOVE = YES;
				CLANG_WARN_UNGUARDED_AVAILABILITY = YES_AGGRESSIVE;
				CLANG_WARN_UNREACHABLE_CODE = YES;
				CLANG_WARN__DUPLICATE_METHOD_MATCH = YES;
				CODE_SIGN_IDENTITY = "iPhone Developer";
				COPY_PHASE_STRIP = NO;
				DEBUG_INFORMATION_FORMAT = dwarf;
				ENABLE_STRICT_OBJC_MSGSEND = YES;
				ENABLE_TESTABILITY = YES;
				GCC_C_LANGUAGE_STANDARD = gnu11;
				GCC_DYNAMIC_NO_PIC = NO;
				GCC_NO_COMMON_BLOCKS = YES;
				GCC_OPTIMIZATION_LEVEL = 0;
				GCC_PREPROCESSOR_DEFINITIONS = (
					"DEBUG=1",
					"$(inherited)",
				);
				GCC_WARN_64_TO_32_BIT_CONVERSION = YES;
				GCC_WARN_ABOUT_RETURN_TYPE = YES_ERROR;
				GCC_WARN_UNDECLARED_SELECTOR = YES;
				GCC_WARN_UNINITIALIZED_AUTOS = YES_AGGRESSIVE;
				GCC_WARN_UNUSED_FUNCTION = YES;
				GCC_WARN_UNUSED_VARIABLE = YES;
				IPHONEOS_DEPLOYMENT_TARGET = 12.1;
				MTL_ENABLE_DEBUG_INFO = INCLUDE_SOURCE;
				MTL_FAST_MATH = YES;
				ONLY_ACTIVE_ARCH = YES;
				SDKROOT = iphoneos;
				SWIFT_ACTIVE_COMPILATION_CONDITIONS = DEBUG;
				SWIFT_OPTIMIZATION_LEVEL = "-Onone";
			};
			name = Debug;
		};
		D9EBF8CD23414E9E00060C9C /* Release */ = {
			isa = XCBuildConfiguration;
			buildSettings = {
				ALWAYS_SEARCH_USER_PATHS = NO;
				CLANG_ANALYZER_NONNULL = YES;
				CLANG_ANALYZER_NUMBER_OBJECT_CONVERSION = YES_AGGRESSIVE;
				CLANG_CXX_LANGUAGE_STANDARD = "gnu++14";
				CLANG_CXX_LIBRARY = "libc++";
				CLANG_ENABLE_MODULES = YES;
				CLANG_ENABLE_OBJC_ARC = YES;
				CLANG_ENABLE_OBJC_WEAK = YES;
				CLANG_WARN_BLOCK_CAPTURE_AUTORELEASING = YES;
				CLANG_WARN_BOOL_CONVERSION = YES;
				CLANG_WARN_COMMA = YES;
				CLANG_WARN_CONSTANT_CONVERSION = YES;
				CLANG_WARN_DEPRECATED_OBJC_IMPLEMENTATIONS = YES;
				CLANG_WARN_DIRECT_OBJC_ISA_USAGE = YES_ERROR;
				CLANG_WARN_DOCUMENTATION_COMMENTS = YES;
				CLANG_WARN_EMPTY_BODY = YES;
				CLANG_WARN_ENUM_CONVERSION = YES;
				CLANG_WARN_INFINITE_RECURSION = YES;
				CLANG_WARN_INT_CONVERSION = YES;
				CLANG_WARN_NON_LITERAL_NULL_CONVERSION = YES;
				CLANG_WARN_OBJC_IMPLICIT_RETAIN_SELF = YES;
				CLANG_WARN_OBJC_LITERAL_CONVERSION = YES;
				CLANG_WARN_OBJC_ROOT_CLASS = YES_ERROR;
				CLANG_WARN_RANGE_LOOP_ANALYSIS = YES;
				CLANG_WARN_STRICT_PROTOTYPES = YES;
				CLANG_WARN_SUSPICIOUS_MOVE = YES;
				CLANG_WARN_UNGUARDED_AVAILABILITY = YES_AGGRESSIVE;
				CLANG_WARN_UNREACHABLE_CODE = YES;
				CLANG_WARN__DUPLICATE_METHOD_MATCH = YES;
				CODE_SIGN_IDENTITY = "iPhone Developer";
				COPY_PHASE_STRIP = NO;
				DEBUG_INFORMATION_FORMAT = "dwarf-with-dsym";
				ENABLE_NS_ASSERTIONS = NO;
				ENABLE_STRICT_OBJC_MSGSEND = YES;
				GCC_C_LANGUAGE_STANDARD = gnu11;
				GCC_NO_COMMON_BLOCKS = YES;
				GCC_WARN_64_TO_32_BIT_CONVERSION = YES;
				GCC_WARN_ABOUT_RETURN_TYPE = YES_ERROR;
				GCC_WARN_UNDECLARED_SELECTOR = YES;
				GCC_WARN_UNINITIALIZED_AUTOS = YES_AGGRESSIVE;
				GCC_WARN_UNUSED_FUNCTION = YES;
				GCC_WARN_UNUSED_VARIABLE = YES;
				IPHONEOS_DEPLOYMENT_TARGET = 12.1;
				MTL_ENABLE_DEBUG_INFO = NO;
				MTL_FAST_MATH = YES;
				SDKROOT = iphoneos;
				SWIFT_COMPILATION_MODE = wholemodule;
				SWIFT_OPTIMIZATION_LEVEL = "-O";
				VALIDATE_PRODUCT = YES;
			};
			name = Release;
		};
		D9EBF8CF23414E9E00060C9C /* Debug */ = {
			isa = XCBuildConfiguration;
			buildSettings = {
				ASSETCATALOG_COMPILER_APPICON_NAME = AppIcon;
				CODE_SIGN_STYLE = Automatic;
				DEVELOPMENT_TEAM = C97YN2PGY2;
				INFOPLIST_FILE = InventoryProject/Info.plist;
				LD_RUNPATH_SEARCH_PATHS = (
					"$(inherited)",
					"@executable_path/Frameworks",
				);
				PRODUCT_BUNDLE_IDENTIFIER = com.Llama.InventoryProject1;
				PRODUCT_NAME = "$(TARGET_NAME)";
				SWIFT_VERSION = 5.0;
				TARGETED_DEVICE_FAMILY = "1,2";
			};
			name = Debug;
		};
		D9EBF8D023414E9E00060C9C /* Release */ = {
			isa = XCBuildConfiguration;
			buildSettings = {
				ASSETCATALOG_COMPILER_APPICON_NAME = AppIcon;
				CODE_SIGN_STYLE = Automatic;
				DEVELOPMENT_TEAM = C97YN2PGY2;
				INFOPLIST_FILE = InventoryProject/Info.plist;
				LD_RUNPATH_SEARCH_PATHS = (
					"$(inherited)",
					"@executable_path/Frameworks",
				);
				PRODUCT_BUNDLE_IDENTIFIER = com.Llama.InventoryProject1;
				PRODUCT_NAME = "$(TARGET_NAME)";
				SWIFT_VERSION = 5.0;
				TARGETED_DEVICE_FAMILY = "1,2";
			};
			name = Release;
		};
/* End XCBuildConfiguration section */

/* Begin XCConfigurationList section */
		D9EBF8B723414E9D00060C9C /* Build configuration list for PBXProject "InventoryProject" */ = {
			isa = XCConfigurationList;
			buildConfigurations = (
				D9EBF8CC23414E9E00060C9C /* Debug */,
				D9EBF8CD23414E9E00060C9C /* Release */,
			);
			defaultConfigurationIsVisible = 0;
			defaultConfigurationName = Release;
		};
		D9EBF8CE23414E9E00060C9C /* Build configuration list for PBXNativeTarget "InventoryProject" */ = {
			isa = XCConfigurationList;
			buildConfigurations = (
				D9EBF8CF23414E9E00060C9C /* Debug */,
				D9EBF8D023414E9E00060C9C /* Release */,
			);
			defaultConfigurationIsVisible = 0;
			defaultConfigurationName = Release;
		};
/* End XCConfigurationList section */
	};
	rootObject = D9EBF8B423414E9D00060C9C /* Project object */;
}
